{
  "originHash" : "e5870c3a454e45e2ce546c74caf51c7d3a68bbfd86858ef740a08244e02775f7",
  "pins" : [
    {
      "identity" : "dspheaders",
      "kind" : "remoteSourceControl",
      "location" : "https://github.com/bradhowes/DSPHeaders",
      "state" : {
        "revision" : "c1e3a5218a1e8460bb68d6d50955095b676bf2de",
        "version" : "1.4.8"
      }
    }
  ],
  "version" : 3
}
