{
  "originHash" : "04b558fb385d928784ebf2f982d84b098606544ad68c4c97ee30a260982820e0",
  "pins" : [
    {
      "identity" : "dspheaders",
      "kind" : "remoteSourceControl",
      "location" : "https://github.com/bradhowes/DSPHeaders",
      "state" : {
        "revision" : "988e4a1eec05bf0c511563066389da00658c683c",
        "version" : "1.4.2"
      }
    }
  ],
  "version" : 3
}
