{
  "object": {
    "pins": [
      {
        "package": "AUv3SupportPackage",
        "repositoryURL": "https://github.com/bradhowes/AUv3Support",
        "state": {
          "branch": "main",
          "revision": "4c2ea586e12e5b39d2f87c21f58f00753cbce431",
          "version": null
        }
      }
    ]
  },
  "version": 1
}
